
Microsoft Visual Studio Solution File, Format Version 12.00
# Visual Studio Version 16
VisualStudioVersion = 16.0.30128.74
MinimumVisualStudioVersion = 10.0.40219.1
Project("{FAE04EC0-301F-11D3-BF4B-00C04F79EFBC}") = "SocialMediaApp", "SocialMediaApp\SocialMediaApp.csproj", "{E42362D3-57E8-4A1A-AC4D-17FE56309207}"
EndProject
Global
	GlobalSection(SolutionConfigurationPlatforms) = preSolution
		Debug|Any CPU = Debug|Any CPU
		Release|Any CPU = Release|Any CPU
	EndGlobalSection
	GlobalSection(ProjectConfigurationPlatforms) = postSolution
		{E42362D3-57E8-4A1A-AC4D-17FE56309207}.Debug|Any CPU.ActiveCfg = Debug|Any CPU
		{E42362D3-57E8-4A1A-AC4D-17FE56309207}.Debug|Any CPU.Build.0 = Debug|Any CPU
		{E42362D3-57E8-4A1A-AC4D-17FE56309207}.Release|Any CPU.ActiveCfg = Release|Any CPU
		{E42362D3-57E8-4A1A-AC4D-17FE56309207}.Release|Any CPU.Build.0 = Release|Any CPU
	EndGlobalSection
	GlobalSection(SolutionProperties) = preSolution
		HideSolutionNode = FALSE
	EndGlobalSection
	GlobalSection(ExtensibilityGlobals) = postSolution
		SolutionGuid = {A17880D7-5BC0-4C25-B1DE-044ECBF04C2C}
	EndGlobalSection
EndGlobal
